
Microsoft Visual Studio Solution File, Format Version 12.00
# Visual Studio 14
VisualStudioVersion = 14.0.25420.1
MinimumVisualStudioVersion = 10.0.40219.1
Project("{FAE04EC0-301F-11D3-BF4B-00C04F79EFBC}") = "DrTestActionSampleVM", "DrTestActionSampleVM\DrTestActionSampleVM.csproj", "{EAA917EC-5856-4878-8A16-2029A31B6B2B}"
EndProject
Project("{2150E333-8FDC-42A3-9474-1A3956D46DE8}") = "UTest", "UTest", "{D5CC00FF-5613-4E3D-A134-3F40953F830C}"
EndProject
Project("{FAE04EC0-301F-11D3-BF4B-00C04F79EFBC}") = "UTestDrTestActionSampleVM", "UTest\UTestDrTestActionSampleVM\UTestDrTestActionSampleVM.csproj", "{7DDB6352-D468-4D61-B183-8173F1C1142A}"
EndProject
Project("{FAE04EC0-301F-11D3-BF4B-00C04F79EFBC}") = "RUN", "RUN\RUN.csproj", "{AE96C7B6-5E54-4D64-9BC7-398E577B15C8}"
EndProject
Global
	GlobalSection(SolutionConfigurationPlatforms) = preSolution
		Debug|Any CPU = Debug|Any CPU
		Release|Any CPU = Release|Any CPU
	EndGlobalSection
	GlobalSection(ProjectConfigurationPlatforms) = postSolution
		{EAA917EC-5856-4878-8A16-2029A31B6B2B}.Debug|Any CPU.ActiveCfg = Debug|Any CPU
		{EAA917EC-5856-4878-8A16-2029A31B6B2B}.Debug|Any CPU.Build.0 = Debug|Any CPU
		{EAA917EC-5856-4878-8A16-2029A31B6B2B}.Release|Any CPU.ActiveCfg = Release|Any CPU
		{EAA917EC-5856-4878-8A16-2029A31B6B2B}.Release|Any CPU.Build.0 = Release|Any CPU
		{7DDB6352-D468-4D61-B183-8173F1C1142A}.Debug|Any CPU.ActiveCfg = Debug|Any CPU
		{7DDB6352-D468-4D61-B183-8173F1C1142A}.Debug|Any CPU.Build.0 = Debug|Any CPU
		{7DDB6352-D468-4D61-B183-8173F1C1142A}.Release|Any CPU.ActiveCfg = Release|Any CPU
		{7DDB6352-D468-4D61-B183-8173F1C1142A}.Release|Any CPU.Build.0 = Release|Any CPU
		{AE96C7B6-5E54-4D64-9BC7-398E577B15C8}.Debug|Any CPU.ActiveCfg = Debug|Any CPU
		{AE96C7B6-5E54-4D64-9BC7-398E577B15C8}.Debug|Any CPU.Build.0 = Debug|Any CPU
		{AE96C7B6-5E54-4D64-9BC7-398E577B15C8}.Release|Any CPU.ActiveCfg = Release|Any CPU
		{AE96C7B6-5E54-4D64-9BC7-398E577B15C8}.Release|Any CPU.Build.0 = Release|Any CPU
	EndGlobalSection
	GlobalSection(SolutionProperties) = preSolution
		HideSolutionNode = FALSE
	EndGlobalSection
	GlobalSection(NestedProjects) = preSolution
		{7DDB6352-D468-4D61-B183-8173F1C1142A} = {D5CC00FF-5613-4E3D-A134-3F40953F830C}
	EndGlobalSection
EndGlobal
