
Microsoft Visual Studio Solution File, Format Version 12.00
# Visual Studio 2012
Project("{FAE04EC0-301F-11D3-BF4B-00C04F79EFBC}") = "DrTAProcess", "DrTAProcess\DrTAProcess.csproj", "{E20FF95F-219A-4EA3-B063-ECE28DE03986}"
EndProject
Global
	GlobalSection(SolutionConfigurationPlatforms) = preSolution
		Debug|Any CPU = Debug|Any CPU
		Release|Any CPU = Release|Any CPU
	EndGlobalSection
	GlobalSection(ProjectConfigurationPlatforms) = postSolution
		{E20FF95F-219A-4EA3-B063-ECE28DE03986}.Debug|Any CPU.ActiveCfg = Debug|Any CPU
		{E20FF95F-219A-4EA3-B063-ECE28DE03986}.Debug|Any CPU.Build.0 = Debug|Any CPU
		{E20FF95F-219A-4EA3-B063-ECE28DE03986}.Release|Any CPU.ActiveCfg = Release|Any CPU
		{E20FF95F-219A-4EA3-B063-ECE28DE03986}.Release|Any CPU.Build.0 = Release|Any CPU
	EndGlobalSection
	GlobalSection(SolutionProperties) = preSolution
		HideSolutionNode = FALSE
	EndGlobalSection
EndGlobal
