
Microsoft Visual Studio Solution File, Format Version 12.00
# Visual Studio 2012
Project("{FAE04EC0-301F-11D3-BF4B-00C04F79EFBC}") = "DrTAHelper", "DrTestHelper\DrTAHelper.csproj", "{849FDA09-9982-4819-AA33-D1D8D4A2AA27}"
EndProject
Project("{FAE04EC0-301F-11D3-BF4B-00C04F79EFBC}") = "DrDataEx", "..\..\..\DrCommon\DrData\DrDataEx\DrDataEx.csproj", "{CB8174C6-6CA6-4CEF-B84C-27C5E726466D}"
EndProject
Project("{FAE04EC0-301F-11D3-BF4B-00C04F79EFBC}") = "DrLogClient", "..\..\..\DrCommon\DrLog\DrLogClient\DrLogClient.csproj", "{85A2BA01-CB54-4FC0-BC6C-92700FD9979C}"
EndProject
Project("{FAE04EC0-301F-11D3-BF4B-00C04F79EFBC}") = "DrTAHelperSample", "DrTestHelperSample\DrTAHelperSample.csproj", "{638BB1D7-1D53-4B52-8D1B-21B9D201E4C7}"
EndProject
Project("{FAE04EC0-301F-11D3-BF4B-00C04F79EFBC}") = "DrDataSx", "..\..\..\DrCommon\DrData\DrDataSx\DrDataSx.csproj", "{CEF8CDD2-404D-415F-AECF-4B92CEB3A23D}"
EndProject
Project("{FAE04EC0-301F-11D3-BF4B-00C04F79EFBC}") = "DrData", "..\..\..\DrCommon\DrData\DrData\DrData.csproj", "{C984C775-1807-4157-BA4B-5D5FCCCE577B}"
EndProject
Global
	GlobalSection(SolutionConfigurationPlatforms) = preSolution
		Debug|Any CPU = Debug|Any CPU
		Release|Any CPU = Release|Any CPU
	EndGlobalSection
	GlobalSection(ProjectConfigurationPlatforms) = postSolution
		{849FDA09-9982-4819-AA33-D1D8D4A2AA27}.Debug|Any CPU.ActiveCfg = Debug|Any CPU
		{849FDA09-9982-4819-AA33-D1D8D4A2AA27}.Debug|Any CPU.Build.0 = Debug|Any CPU
		{849FDA09-9982-4819-AA33-D1D8D4A2AA27}.Release|Any CPU.ActiveCfg = Release|Any CPU
		{849FDA09-9982-4819-AA33-D1D8D4A2AA27}.Release|Any CPU.Build.0 = Release|Any CPU
		{CB8174C6-6CA6-4CEF-B84C-27C5E726466D}.Debug|Any CPU.ActiveCfg = Debug|Any CPU
		{CB8174C6-6CA6-4CEF-B84C-27C5E726466D}.Debug|Any CPU.Build.0 = Debug|Any CPU
		{CB8174C6-6CA6-4CEF-B84C-27C5E726466D}.Release|Any CPU.ActiveCfg = Release|Any CPU
		{CB8174C6-6CA6-4CEF-B84C-27C5E726466D}.Release|Any CPU.Build.0 = Release|Any CPU
		{85A2BA01-CB54-4FC0-BC6C-92700FD9979C}.Debug|Any CPU.ActiveCfg = Debug|Any CPU
		{85A2BA01-CB54-4FC0-BC6C-92700FD9979C}.Debug|Any CPU.Build.0 = Debug|Any CPU
		{85A2BA01-CB54-4FC0-BC6C-92700FD9979C}.Release|Any CPU.ActiveCfg = Release|Any CPU
		{85A2BA01-CB54-4FC0-BC6C-92700FD9979C}.Release|Any CPU.Build.0 = Release|Any CPU
		{638BB1D7-1D53-4B52-8D1B-21B9D201E4C7}.Debug|Any CPU.ActiveCfg = Debug|Any CPU
		{638BB1D7-1D53-4B52-8D1B-21B9D201E4C7}.Debug|Any CPU.Build.0 = Debug|Any CPU
		{638BB1D7-1D53-4B52-8D1B-21B9D201E4C7}.Release|Any CPU.ActiveCfg = Release|Any CPU
		{638BB1D7-1D53-4B52-8D1B-21B9D201E4C7}.Release|Any CPU.Build.0 = Release|Any CPU
		{CEF8CDD2-404D-415F-AECF-4B92CEB3A23D}.Debug|Any CPU.ActiveCfg = Debug|Any CPU
		{CEF8CDD2-404D-415F-AECF-4B92CEB3A23D}.Debug|Any CPU.Build.0 = Debug|Any CPU
		{CEF8CDD2-404D-415F-AECF-4B92CEB3A23D}.Release|Any CPU.ActiveCfg = Release|Any CPU
		{CEF8CDD2-404D-415F-AECF-4B92CEB3A23D}.Release|Any CPU.Build.0 = Release|Any CPU
		{C984C775-1807-4157-BA4B-5D5FCCCE577B}.Debug|Any CPU.ActiveCfg = Debug|Any CPU
		{C984C775-1807-4157-BA4B-5D5FCCCE577B}.Debug|Any CPU.Build.0 = Debug|Any CPU
		{C984C775-1807-4157-BA4B-5D5FCCCE577B}.Release|Any CPU.ActiveCfg = Release|Any CPU
		{C984C775-1807-4157-BA4B-5D5FCCCE577B}.Release|Any CPU.Build.0 = Release|Any CPU
	EndGlobalSection
	GlobalSection(SolutionProperties) = preSolution
		HideSolutionNode = FALSE
	EndGlobalSection
EndGlobal
