
Microsoft Visual Studio Solution File, Format Version 12.00
# Visual Studio 14
VisualStudioVersion = 14.0.23107.0
MinimumVisualStudioVersion = 10.0.40219.1
Project("{FAE04EC0-301F-11D3-BF4B-00C04F79EFBC}") = "ModifyRegistryBlock", "ModifyRegistryBlock\ModifyRegistryBlock.csproj", "{BDE17188-7558-4911-8D70-48A4C59CE04B}"
EndProject
Project("{FAE04EC0-301F-11D3-BF4B-00C04F79EFBC}") = "TestForVKRegistry", "TestForVKRegistry\TestForVKRegistry.csproj", "{26BADB28-7667-43B3-AE54-8ABD34604A76}"
EndProject
Global
	GlobalSection(SolutionConfigurationPlatforms) = preSolution
		Debug|Any CPU = Debug|Any CPU
		Release|Any CPU = Release|Any CPU
	EndGlobalSection
	GlobalSection(ProjectConfigurationPlatforms) = postSolution
		{BDE17188-7558-4911-8D70-48A4C59CE04B}.Debug|Any CPU.ActiveCfg = Debug|Any CPU
		{BDE17188-7558-4911-8D70-48A4C59CE04B}.Debug|Any CPU.Build.0 = Debug|Any CPU
		{BDE17188-7558-4911-8D70-48A4C59CE04B}.Release|Any CPU.ActiveCfg = Release|Any CPU
		{BDE17188-7558-4911-8D70-48A4C59CE04B}.Release|Any CPU.Build.0 = Release|Any CPU
		{26BADB28-7667-43B3-AE54-8ABD34604A76}.Debug|Any CPU.ActiveCfg = Debug|Any CPU
		{26BADB28-7667-43B3-AE54-8ABD34604A76}.Debug|Any CPU.Build.0 = Debug|Any CPU
		{26BADB28-7667-43B3-AE54-8ABD34604A76}.Release|Any CPU.ActiveCfg = Release|Any CPU
		{26BADB28-7667-43B3-AE54-8ABD34604A76}.Release|Any CPU.Build.0 = Release|Any CPU
	EndGlobalSection
	GlobalSection(SolutionProperties) = preSolution
		HideSolutionNode = FALSE
	EndGlobalSection
EndGlobal
